
Microsoft Visual Studio Solution File, Format Version 12.00
# Visual Studio Version 16
VisualStudioVersion = 16.0.33529.622
MinimumVisualStudioVersion = 10.0.40219.1
Project("{FAE04EC0-301F-11D3-BF4B-00C04F79EFBC}") = "HomeWork1", "HomeWork1\HomeWork1.csproj", "{1CDBEB83-F10C-4074-B684-271BACF50FA2}"
EndProject
Global
	GlobalSection(SolutionConfigurationPlatforms) = preSolution
		Debug|Any CPU = Debug|Any CPU
		Release|Any CPU = Release|Any CPU
	EndGlobalSection
	GlobalSection(ProjectConfigurationPlatforms) = postSolution
		{1CDBEB83-F10C-4074-B684-271BACF50FA2}.Debug|Any CPU.ActiveCfg = Debug|Any CPU
		{1CDBEB83-F10C-4074-B684-271BACF50FA2}.Debug|Any CPU.Build.0 = Debug|Any CPU
		{1CDBEB83-F10C-4074-B684-271BACF50FA2}.Release|Any CPU.ActiveCfg = Release|Any CPU
		{1CDBEB83-F10C-4074-B684-271BACF50FA2}.Release|Any CPU.Build.0 = Release|Any CPU
	EndGlobalSection
	GlobalSection(SolutionProperties) = preSolution
		HideSolutionNode = FALSE
	EndGlobalSection
	GlobalSection(ExtensibilityGlobals) = postSolution
		SolutionGuid = {B12D25F8-F148-4931-B13E-C4D9FD7C5EEA}
	EndGlobalSection
EndGlobal
